
Microsoft Visual Studio Solution File, Format Version 12.00
# TcXaeShell Solution File, Format Version 11.00
VisualStudioVersion = 15.0.33403.129
MinimumVisualStudioVersion = 10.0.40219.1
Project("{B1E792BE-AA5F-4E3C-8C82-674BF9C0715B}") = "HelloWorld", "HelloWorld\HelloWorld.tsproj", "{2CD0209E-80DC-4E91-92DF-36394FF5F81C}"
EndProject
Global
	GlobalSection(SolutionConfigurationPlatforms) = preSolution
		Debug|TwinCAT CE7 (ARMV7) = Debug|TwinCAT CE7 (ARMV7)
		Debug|TwinCAT OS (ARMT2) = Debug|TwinCAT OS (ARMT2)
		Debug|TwinCAT RT (x64) = Debug|TwinCAT RT (x64)
		Debug|TwinCAT RT (x86) = Debug|TwinCAT RT (x86)
		Release|TwinCAT CE7 (ARMV7) = Release|TwinCAT CE7 (ARMV7)
		Release|TwinCAT OS (ARMT2) = Release|TwinCAT OS (ARMT2)
		Release|TwinCAT RT (x64) = Release|TwinCAT RT (x64)
		Release|TwinCAT RT (x86) = Release|TwinCAT RT (x86)
	EndGlobalSection
	GlobalSection(ProjectConfigurationPlatforms) = postSolution
		{2CD0209E-80DC-4E91-92DF-36394FF5F81C}.Debug|TwinCAT CE7 (ARMV7).ActiveCfg = Debug|TwinCAT CE7 (ARMV7)
		{2CD0209E-80DC-4E91-92DF-36394FF5F81C}.Debug|TwinCAT CE7 (ARMV7).Build.0 = Debug|TwinCAT CE7 (ARMV7)
		{2CD0209E-80DC-4E91-92DF-36394FF5F81C}.Debug|TwinCAT OS (ARMT2).ActiveCfg = Debug|TwinCAT OS (ARMT2)
		{2CD0209E-80DC-4E91-92DF-36394FF5F81C}.Debug|TwinCAT OS (ARMT2).Build.0 = Debug|TwinCAT OS (ARMT2)
		{2CD0209E-80DC-4E91-92DF-36394FF5F81C}.Debug|TwinCAT RT (x64).ActiveCfg = Debug|TwinCAT RT (x64)
		{2CD0209E-80DC-4E91-92DF-36394FF5F81C}.Debug|TwinCAT RT (x64).Build.0 = Debug|TwinCAT RT (x64)
		{2CD0209E-80DC-4E91-92DF-36394FF5F81C}.Debug|TwinCAT RT (x86).ActiveCfg = Debug|TwinCAT RT (x86)
		{2CD0209E-80DC-4E91-92DF-36394FF5F81C}.Debug|TwinCAT RT (x86).Build.0 = Debug|TwinCAT RT (x86)
		{2CD0209E-80DC-4E91-92DF-36394FF5F81C}.Release|TwinCAT CE7 (ARMV7).ActiveCfg = Release|TwinCAT CE7 (ARMV7)
		{2CD0209E-80DC-4E91-92DF-36394FF5F81C}.Release|TwinCAT CE7 (ARMV7).Build.0 = Release|TwinCAT CE7 (ARMV7)
		{2CD0209E-80DC-4E91-92DF-36394FF5F81C}.Release|TwinCAT OS (ARMT2).ActiveCfg = Release|TwinCAT OS (ARMT2)
		{2CD0209E-80DC-4E91-92DF-36394FF5F81C}.Release|TwinCAT OS (ARMT2).Build.0 = Release|TwinCAT OS (ARMT2)
		{2CD0209E-80DC-4E91-92DF-36394FF5F81C}.Release|TwinCAT RT (x64).ActiveCfg = Release|TwinCAT RT (x64)
		{2CD0209E-80DC-4E91-92DF-36394FF5F81C}.Release|TwinCAT RT (x64).Build.0 = Release|TwinCAT RT (x64)
		{2CD0209E-80DC-4E91-92DF-36394FF5F81C}.Release|TwinCAT RT (x86).ActiveCfg = Release|TwinCAT RT (x86)
		{2CD0209E-80DC-4E91-92DF-36394FF5F81C}.Release|TwinCAT RT (x86).Build.0 = Release|TwinCAT RT (x86)
		{3A09584B-0B92-4850-B6A2-24FC880CC75E}.Debug|TwinCAT CE7 (ARMV7).ActiveCfg = Debug|TwinCAT CE7 (ARMV7)
		{3A09584B-0B92-4850-B6A2-24FC880CC75E}.Debug|TwinCAT CE7 (ARMV7).Build.0 = Debug|TwinCAT CE7 (ARMV7)
		{3A09584B-0B92-4850-B6A2-24FC880CC75E}.Debug|TwinCAT OS (ARMT2).ActiveCfg = Debug|TwinCAT OS (ARMT2)
		{3A09584B-0B92-4850-B6A2-24FC880CC75E}.Debug|TwinCAT OS (ARMT2).Build.0 = Debug|TwinCAT OS (ARMT2)
		{3A09584B-0B92-4850-B6A2-24FC880CC75E}.Debug|TwinCAT RT (x64).ActiveCfg = Debug|TwinCAT RT (x64)
		{3A09584B-0B92-4850-B6A2-24FC880CC75E}.Debug|TwinCAT RT (x64).Build.0 = Debug|TwinCAT RT (x64)
		{3A09584B-0B92-4850-B6A2-24FC880CC75E}.Debug|TwinCAT RT (x86).ActiveCfg = Debug|TwinCAT RT (x86)
		{3A09584B-0B92-4850-B6A2-24FC880CC75E}.Debug|TwinCAT RT (x86).Build.0 = Debug|TwinCAT RT (x86)
		{3A09584B-0B92-4850-B6A2-24FC880CC75E}.Release|TwinCAT CE7 (ARMV7).ActiveCfg = Release|TwinCAT CE7 (ARMV7)
		{3A09584B-0B92-4850-B6A2-24FC880CC75E}.Release|TwinCAT CE7 (ARMV7).Build.0 = Release|TwinCAT CE7 (ARMV7)
		{3A09584B-0B92-4850-B6A2-24FC880CC75E}.Release|TwinCAT OS (ARMT2).ActiveCfg = Release|TwinCAT OS (ARMT2)
		{3A09584B-0B92-4850-B6A2-24FC880CC75E}.Release|TwinCAT OS (ARMT2).Build.0 = Release|TwinCAT OS (ARMT2)
		{3A09584B-0B92-4850-B6A2-24FC880CC75E}.Release|TwinCAT RT (x64).ActiveCfg = Release|TwinCAT RT (x64)
		{3A09584B-0B92-4850-B6A2-24FC880CC75E}.Release|TwinCAT RT (x64).Build.0 = Release|TwinCAT RT (x64)
		{3A09584B-0B92-4850-B6A2-24FC880CC75E}.Release|TwinCAT RT (x86).ActiveCfg = Release|TwinCAT RT (x86)
		{3A09584B-0B92-4850-B6A2-24FC880CC75E}.Release|TwinCAT RT (x86).Build.0 = Release|TwinCAT RT (x86)
	EndGlobalSection
	GlobalSection(SolutionProperties) = preSolution
		HideSolutionNode = FALSE
	EndGlobalSection
	GlobalSection(ExtensibilityGlobals) = postSolution
		SolutionGuid = {5B3F9A7A-89F0-4CEC-B555-B5492DE2FF5E}
	EndGlobalSection
EndGlobal
